
Microsoft Visual Studio Solution File, Format Version 12.00
# Visual Studio 2017
Project("{FAE04EC0-301F-11D3-BF4B-00C04F79EFBC}") = "escenario-Getaway", "escenario-Getaway.csproj", "{64CBC5A1-2E5C-68FB-084F-300D48DC77DF}"
EndProject
Global
	GlobalSection(SolutionConfigurationPlatforms) = preSolution
		Debug|Any CPU = Debug|Any CPU
		Release|Any CPU = Release|Any CPU
	EndGlobalSection
	GlobalSection(ProjectConfigurationPlatforms) = postSolution
		{64CBC5A1-2E5C-68FB-084F-300D48DC77DF}.Debug|Any CPU.ActiveCfg = Debug|Any CPU
		{64CBC5A1-2E5C-68FB-084F-300D48DC77DF}.Debug|Any CPU.Build.0 = Debug|Any CPU
		{64CBC5A1-2E5C-68FB-084F-300D48DC77DF}.Release|Any CPU.ActiveCfg = Release|Any CPU
		{64CBC5A1-2E5C-68FB-084F-300D48DC77DF}.Release|Any CPU.Build.0 = Release|Any CPU
	EndGlobalSection
	GlobalSection(SolutionProperties) = preSolution
		HideSolutionNode = FALSE
	EndGlobalSection
EndGlobal
